
Microsoft Visual Studio Solution File, Format Version 12.00
# Visual Studio Version 16
VisualStudioVersion = 16.0.30907.101
MinimumVisualStudioVersion = 10.0.40219.1
Project("{FAE04EC0-301F-11D3-BF4B-00C04F79EFBC}") = "CentroMedicoSIFCO", "CentroMedicoSIFCO\CentroMedicoSIFCO.csproj", "{85743095-829A-42CC-BCE0-5CE5B4AF7E0D}"
EndProject
Project("{2150E333-8FDC-42A3-9474-1A3956D46DE8}") = "Solution Items", "Solution Items", "{5A7FD02D-F613-42A8-8ED4-2460A21213C4}"
	ProjectSection(SolutionItems) = preProject
		.editorconfig = .editorconfig
	EndProjectSection
EndProject
Global
	GlobalSection(SolutionConfigurationPlatforms) = preSolution
		Debug|Any CPU = Debug|Any CPU
		Release|Any CPU = Release|Any CPU
	EndGlobalSection
	GlobalSection(ProjectConfigurationPlatforms) = postSolution
		{85743095-829A-42CC-BCE0-5CE5B4AF7E0D}.Debug|Any CPU.ActiveCfg = Debug|Any CPU
		{85743095-829A-42CC-BCE0-5CE5B4AF7E0D}.Debug|Any CPU.Build.0 = Debug|Any CPU
		{85743095-829A-42CC-BCE0-5CE5B4AF7E0D}.Release|Any CPU.ActiveCfg = Release|Any CPU
		{85743095-829A-42CC-BCE0-5CE5B4AF7E0D}.Release|Any CPU.Build.0 = Release|Any CPU
	EndGlobalSection
	GlobalSection(SolutionProperties) = preSolution
		HideSolutionNode = FALSE
	EndGlobalSection
	GlobalSection(ExtensibilityGlobals) = postSolution
		SolutionGuid = {5C793FBA-54A0-4103-B064-43FA8002F7A7}
	EndGlobalSection
EndGlobal
